
Microsoft Visual Studio Solution File, Format Version 12.00
# Visual Studio 15
VisualStudioVersion = 15.0.28307.421
MinimumVisualStudioVersion = 10.0.40219.1
Project("{888888A0-9F3D-457C-B088-3A5042F75D52}") = "import_access_database", "import_access_database\import_access_database.pyproj", "{C37E0BDE-4B00-4D60-8B6C-3F2A9060BE84}"
EndProject
Global
	GlobalSection(SolutionConfigurationPlatforms) = preSolution
		Debug|Any CPU = Debug|Any CPU
		Release|Any CPU = Release|Any CPU
	EndGlobalSection
	GlobalSection(ProjectConfigurationPlatforms) = postSolution
		{C37E0BDE-4B00-4D60-8B6C-3F2A9060BE84}.Debug|Any CPU.ActiveCfg = Debug|Any CPU
		{C37E0BDE-4B00-4D60-8B6C-3F2A9060BE84}.Release|Any CPU.ActiveCfg = Release|Any CPU
	EndGlobalSection
	GlobalSection(SolutionProperties) = preSolution
		HideSolutionNode = FALSE
	EndGlobalSection
	GlobalSection(ExtensibilityGlobals) = postSolution
		SolutionGuid = {211095E6-4CC4-4C7F-975E-CB9E2E88F468}
	EndGlobalSection
EndGlobal
